{
  "version": "5",
  "specifiers": {
    "npm:zod@3": "3.25.76"
  },
  "npm": {
    "zod@3.25.76": {
      "integrity": "sha512-gzUt/qt81nXsFGKIFcC3YnfEAx5NkunCfnDlvuBSSFS02bcXu4Lmea0AFIUwbLWxWPx3d9p8S5QoaujKcNQxcQ=="
    }
  },
  "redirects": {
    "https://esm.sh/@supabase/supabase-js@2": "https://esm.sh/@supabase/supabase-js@2.110.8",
    "https://esm.sh/iceberg-js@^0.8.1?target=denonext": "https://esm.sh/iceberg-js@0.8.1?target=denonext"
  },
  "remote": {
    "https://esm.sh/@supabase/auth-js@2.110.8/denonext/auth-js.mjs": "83281dd97f0ecc0e22fe53e5c45d6720f64247421eaa444e516b7c77e2890d08",
    "https://esm.sh/@supabase/functions-js@2.110.8/denonext/functions-js.mjs": "96731d9e0375d60f2e510288cc38c805e752e5f4407c161320e85b114872e128",
    "https://esm.sh/@supabase/phoenix@0.4.5/denonext/phoenix.mjs": "40bd2a70829cd847848baac58e635bacd83fd62188f6624b44e2c295341004eb",
    "https://esm.sh/@supabase/postgrest-js@2.110.8/denonext/postgrest-js.mjs": "3fe9b0f0242b22f91593630f7ad4fb5ae5697397bd1ea68b6c392ec77da65e33",
    "https://esm.sh/@supabase/realtime-js@2.110.8/denonext/realtime-js.mjs": "7095c973828e88c6e326f529e7f8eac6ac9542f59e0ecddfdbbf673f7e3280cd",
    "https://esm.sh/@supabase/storage-js@2.110.8/denonext/storage-js.mjs": "6aaf8acf249dd40db52a4b46c4a3ff23cd1f110c06030cc2f966755557273149",
    "https://esm.sh/@supabase/supabase-js@2.110.8": "3fe5b529aba9ea7d19e980feb977d4da1f9300cb5378942b32f1522c21649623",
    "https://esm.sh/@supabase/supabase-js@2.110.8/denonext/supabase-js.mjs": "cbc4dc3f19df167306090a1df41644b9e88869a7925e850c9289a9b669827ba3",
    "https://esm.sh/iceberg-js@0.8.1/denonext/iceberg-js.mjs": "d839d81a2e3966500ca2cdd0c1cb458e9608bacfc91f7bb67a69b2e878dcdb4f",
    "https://esm.sh/iceberg-js@0.8.1?target=denonext": "58c849d7fe2bf4eca4a84eb501e83c161a7d8c34ca1bec15a962b3bec3062633",
    "https://esm.sh/tslib@2.8.1/denonext/tslib.mjs": "c38da5dd6da6281964435002ce204cd586634fe3bdfb24a0ee116f48cf3292e9"
  },
  "workspace": {
    "packageJson": {
      "dependencies": [
        "npm:prettier-plugin-tailwindcss@~0.6.9",
        "npm:prettier@^3.4.2",
        "npm:rimraf@^6.0.1",
        "npm:turbo@^2.3.3",
        "npm:typescript@^5.7.3"
      ]
    },
    "members": {
      "apps/web": {
        "packageJson": {
          "dependencies": [
            "npm:@eslint/js@^9.18.0",
            "npm:@fullcalendar/core@^6.1.20",
            "npm:@fullcalendar/daygrid@^6.1.20",
            "npm:@fullcalendar/interaction@^6.1.20",
            "npm:@fullcalendar/react@^6.1.20",
            "npm:@fullcalendar/resource-timegrid@^6.1.20",
            "npm:@fullcalendar/timegrid@^6.1.20",
            "npm:@hookform/resolvers@^3.9.1",
            "npm:@sentry/react@^10.65.0",
            "npm:@supabase/supabase-js@^2.47.10",
            "npm:@tanstack/react-query-devtools@^5.62.16",
            "npm:@tanstack/react-query@^5.62.16",
            "npm:@types/node@^25.9.2",
            "npm:@types/qrcode@^1.5.6",
            "npm:@types/react-dom@^19.0.2",
            "npm:@types/react@^19.0.3",
            "npm:@typescript-eslint/eslint-plugin@^8.19.1",
            "npm:@typescript-eslint/parser@^8.19.1",
            "npm:@vitejs/plugin-react@^4.3.4",
            "npm:autoprefixer@^10.4.20",
            "npm:class-variance-authority@~0.7.1",
            "npm:clsx@^2.1.1",
            "npm:date-fns-tz@^3.2.0",
            "npm:date-fns@^4.1.0",
            "npm:eslint-plugin-react-hooks@^5.1.0",
            "npm:eslint-plugin-react-refresh@~0.4.16",
            "npm:eslint@^9.18.0",
            "npm:firebase@^11.1.0",
            "npm:i18next@^24.2.0",
            "npm:lucide-react@0.469",
            "npm:postcss@^8.5.1",
            "npm:qrcode@^1.5.4",
            "npm:react-dom@19",
            "npm:react-hook-form@^7.54.2",
            "npm:react-i18next@^15.4.0",
            "npm:react-router-dom@^7.1.1",
            "npm:react@19",
            "npm:tailwind-merge@^2.6.0",
            "npm:tailwindcss-animate@^1.0.7",
            "npm:tailwindcss@^3.4.17",
            "npm:typescript@^5.7.3",
            "npm:vite@^6.0.7",
            "npm:zod@^3.24.1",
            "npm:zustand@^5.0.3"
          ]
        }
      },
      "packages/api-core": {
        "packageJson": {
          "dependencies": [
            "npm:@supabase/supabase-js@^2.47.0",
            "npm:typescript@^5.7.3"
          ]
        }
      },
      "packages/database": {
        "packageJson": {
          "dependencies": [
            "npm:@supabase/supabase-js@^2.47.0",
            "npm:typescript@^5.7.3"
          ]
        }
      },
      "packages/i18n": {
        "packageJson": {
          "dependencies": [
            "npm:i18next-browser-languagedetector@8",
            "npm:i18next@^24.2.0",
            "npm:react-i18next@^15.4.0",
            "npm:typescript@^5.7.3"
          ]
        }
      },
      "packages/types": {
        "packageJson": {
          "dependencies": [
            "npm:typescript@^5.7.3"
          ]
        }
      },
      "packages/ui": {
        "packageJson": {
          "dependencies": [
            "npm:@radix-ui/react-avatar@^1.1.2",
            "npm:@radix-ui/react-dialog@^1.1.4",
            "npm:@radix-ui/react-dropdown-menu@^2.1.4",
            "npm:@radix-ui/react-label@^2.1.1",
            "npm:@radix-ui/react-scroll-area@^1.2.3",
            "npm:@radix-ui/react-select@^2.1.4",
            "npm:@radix-ui/react-separator@^1.1.1",
            "npm:@radix-ui/react-slot@^1.1.1",
            "npm:@radix-ui/react-tabs@^1.1.2",
            "npm:@radix-ui/react-toast@^1.2.4",
            "npm:@radix-ui/react-tooltip@^1.1.6",
            "npm:@tanstack/react-table@^8.20.5",
            "npm:@types/react-dom@^19.0.2",
            "npm:@types/react@^19.0.3",
            "npm:class-variance-authority@~0.7.1",
            "npm:clsx@^2.1.1",
            "npm:lucide-react@0.469",
            "npm:react-hook-form@^7.54.2",
            "npm:tailwind-merge@^2.6.0",
            "npm:tailwindcss@^3.4.17",
            "npm:typescript@^5.7.3"
          ]
        }
      },
      "packages/utils": {
        "packageJson": {
          "dependencies": [
            "npm:date-fns-tz@^3.2.0",
            "npm:date-fns@^4.1.0",
            "npm:typescript@^5.7.3"
          ]
        }
      },
      "packages/validation": {
        "packageJson": {
          "dependencies": [
            "npm:typescript@^5.7.3",
            "npm:zod@^3.24.0"
          ]
        }
      }
    }
  }
}
